
Microsoft Visual Studio Solution File, Format Version 12.00
# Visual Studio Version 17
VisualStudioVersion = 17.14.36603.0 d17.14
MinimumVisualStudioVersion = 10.0.40219.1
Project("{FAE04EC0-301F-11D3-BF4B-00C04F79EFBC}") = "LeakGuard", "LeakGuard\LeakGuard.csproj", "{0E3D2F02-96CF-424A-A813-FB8F4206CF4E}"
EndProject
Global
	GlobalSection(SolutionConfigurationPlatforms) = preSolution
		Debug|Any CPU = Debug|Any CPU
		Release|Any CPU = Release|Any CPU
	EndGlobalSection
	GlobalSection(ProjectConfigurationPlatforms) = postSolution
		{0E3D2F02-96CF-424A-A813-FB8F4206CF4E}.Debug|Any CPU.ActiveCfg = Debug|Any CPU
		{0E3D2F02-96CF-424A-A813-FB8F4206CF4E}.Debug|Any CPU.Build.0 = Debug|Any CPU
		{0E3D2F02-96CF-424A-A813-FB8F4206CF4E}.Release|Any CPU.ActiveCfg = Release|Any CPU
		{0E3D2F02-96CF-424A-A813-FB8F4206CF4E}.Release|Any CPU.Build.0 = Release|Any CPU
	EndGlobalSection
	GlobalSection(SolutionProperties) = preSolution
		HideSolutionNode = FALSE
	EndGlobalSection
	GlobalSection(ExtensibilityGlobals) = postSolution
		SolutionGuid = {23142830-56B1-45AB-952F-680E30C0DE49}
	EndGlobalSection
EndGlobal
